
Microsoft Visual Studio Solution File, Format Version 12.00
Project("{FAE04EC0-301F-11D3-BF4B-00C04F79EFBC}") = "Waldhari.Core", "Waldhari.Core\Waldhari.Core.csproj", "{91461D3B-212C-4B6E-9704-A38A5BBB80DE}"
EndProject
Project("{FAE04EC0-301F-11D3-BF4B-00C04F79EFBC}") = "Waldhari.Core.Tests", "Waldhari.Core.Tests\Waldhari.Core.Tests.csproj", "{8E7CF21D-C3C5-4D52-92D3-55E33B05E2B9}"
EndProject
Global
	GlobalSection(SolutionConfigurationPlatforms) = preSolution
		Debug|Any CPU = Debug|Any CPU
		Release|Any CPU = Release|Any CPU
	EndGlobalSection
	GlobalSection(ProjectConfigurationPlatforms) = postSolution
		{91461D3B-212C-4B6E-9704-A38A5BBB80DE}.Debug|Any CPU.ActiveCfg = Debug|Any CPU
		{91461D3B-212C-4B6E-9704-A38A5BBB80DE}.Debug|Any CPU.Build.0 = Debug|Any CPU
		{91461D3B-212C-4B6E-9704-A38A5BBB80DE}.Release|Any CPU.ActiveCfg = Release|Any CPU
		{91461D3B-212C-4B6E-9704-A38A5BBB80DE}.Release|Any CPU.Build.0 = Release|Any CPU
		{8E7CF21D-C3C5-4D52-92D3-55E33B05E2B9}.Debug|Any CPU.ActiveCfg = Debug|Any CPU
		{8E7CF21D-C3C5-4D52-92D3-55E33B05E2B9}.Debug|Any CPU.Build.0 = Debug|Any CPU
		{8E7CF21D-C3C5-4D52-92D3-55E33B05E2B9}.Release|Any CPU.ActiveCfg = Release|Any CPU
	EndGlobalSection
EndGlobal
